
Microsoft Visual Studio Solution File, Format Version 12.00
# Visual Studio Version 17
VisualStudioVersion = 17.1.32210.238
MinimumVisualStudioVersion = 10.0.40219.1
Project("{8BC9CEB8-8B4A-11D0-8D11-00A0C91BC942}") = "Project6", "Project6\Project6.vcxproj", "{C798035C-BB57-47D2-AD35-BCEFDCD2229A}"
EndProject
Project("{8BC9CEB8-8B4A-11D0-8D11-00A0C91BC942}") = "Project1", "Project1\Project1.vcxproj", "{7905833B-2F28-4473-A96F-9B34E3CA7936}"
EndProject
Project("{8BC9CEB8-8B4A-11D0-8D11-00A0C91BC942}") = "Project2", "Project2\Project2.vcxproj", "{A8B7A152-65B8-451D-AE09-B7849488255B}"
EndProject
Global
	GlobalSection(SolutionConfigurationPlatforms) = preSolution
		Debug|x64 = Debug|x64
		Debug|x86 = Debug|x86
		Release|x64 = Release|x64
		Release|x86 = Release|x86
	EndGlobalSection
	GlobalSection(ProjectConfigurationPlatforms) = postSolution
		{C798035C-BB57-47D2-AD35-BCEFDCD2229A}.Debug|x64.ActiveCfg = Debug|x64
		{C798035C-BB57-47D2-AD35-BCEFDCD2229A}.Debug|x64.Build.0 = Debug|x64
		{C798035C-BB57-47D2-AD35-BCEFDCD2229A}.Debug|x86.ActiveCfg = Debug|Win32
		{C798035C-BB57-47D2-AD35-BCEFDCD2229A}.Debug|x86.Build.0 = Debug|Win32
		{C798035C-BB57-47D2-AD35-BCEFDCD2229A}.Release|x64.ActiveCfg = Release|x64
		{C798035C-BB57-47D2-AD35-BCEFDCD2229A}.Release|x64.Build.0 = Release|x64
		{C798035C-BB57-47D2-AD35-BCEFDCD2229A}.Release|x86.ActiveCfg = Release|Win32
		{C798035C-BB57-47D2-AD35-BCEFDCD2229A}.Release|x86.Build.0 = Release|Win32
		{7905833B-2F28-4473-A96F-9B34E3CA7936}.Debug|x64.ActiveCfg = Debug|x64
		{7905833B-2F28-4473-A96F-9B34E3CA7936}.Debug|x64.Build.0 = Debug|x64
		{7905833B-2F28-4473-A96F-9B34E3CA7936}.Debug|x86.ActiveCfg = Debug|Win32
		{7905833B-2F28-4473-A96F-9B34E3CA7936}.Debug|x86.Build.0 = Debug|Win32
		{7905833B-2F28-4473-A96F-9B34E3CA7936}.Release|x64.ActiveCfg = Release|x64
		{7905833B-2F28-4473-A96F-9B34E3CA7936}.Release|x64.Build.0 = Release|x64
		{7905833B-2F28-4473-A96F-9B34E3CA7936}.Release|x86.ActiveCfg = Release|Win32
		{7905833B-2F28-4473-A96F-9B34E3CA7936}.Release|x86.Build.0 = Release|Win32
		{A8B7A152-65B8-451D-AE09-B7849488255B}.Debug|x64.ActiveCfg = Debug|x64
		{A8B7A152-65B8-451D-AE09-B7849488255B}.Debug|x64.Build.0 = Debug|x64
		{A8B7A152-65B8-451D-AE09-B7849488255B}.Debug|x86.ActiveCfg = Debug|Win32
		{A8B7A152-65B8-451D-AE09-B7849488255B}.Debug|x86.Build.0 = Debug|Win32
		{A8B7A152-65B8-451D-AE09-B7849488255B}.Release|x64.ActiveCfg = Release|x64
		{A8B7A152-65B8-451D-AE09-B7849488255B}.Release|x64.Build.0 = Release|x64
		{A8B7A152-65B8-451D-AE09-B7849488255B}.Release|x86.ActiveCfg = Release|Win32
		{A8B7A152-65B8-451D-AE09-B7849488255B}.Release|x86.Build.0 = Release|Win32
	EndGlobalSection
	GlobalSection(SolutionProperties) = preSolution
		HideSolutionNode = FALSE
	EndGlobalSection
	GlobalSection(ExtensibilityGlobals) = postSolution
		SolutionGuid = {810DE71D-0E06-4A28-AD79-CB5D404AA0C4}
	EndGlobalSection
EndGlobal
