
Microsoft Visual Studio Solution File, Format Version 12.00
# Visual Studio Version 17
VisualStudioVersion = 17.13.35825.156 d17.13
MinimumVisualStudioVersion = 10.0.40219.1
Project("{8BC9CEB8-8B4A-11D0-8D11-00A0C91BC942}") = "Project4", "Project4.vcxproj", "{6E618B11-7BE4-49A9-B14D-A54E640999CF}"
EndProject
Global
	GlobalSection(SolutionConfigurationPlatforms) = preSolution
		Debug|x64 = Debug|x64
		Debug|x86 = Debug|x86
		Release|x64 = Release|x64
		Release|x86 = Release|x86
	EndGlobalSection
	GlobalSection(ProjectConfigurationPlatforms) = postSolution
		{6E618B11-7BE4-49A9-B14D-A54E640999CF}.Debug|x64.ActiveCfg = Debug|x64
		{6E618B11-7BE4-49A9-B14D-A54E640999CF}.Debug|x64.Build.0 = Debug|x64
		{6E618B11-7BE4-49A9-B14D-A54E640999CF}.Debug|x86.ActiveCfg = Debug|Win32
		{6E618B11-7BE4-49A9-B14D-A54E640999CF}.Debug|x86.Build.0 = Debug|Win32
		{6E618B11-7BE4-49A9-B14D-A54E640999CF}.Release|x64.ActiveCfg = Release|x64
		{6E618B11-7BE4-49A9-B14D-A54E640999CF}.Release|x64.Build.0 = Release|x64
		{6E618B11-7BE4-49A9-B14D-A54E640999CF}.Release|x86.ActiveCfg = Release|Win32
		{6E618B11-7BE4-49A9-B14D-A54E640999CF}.Release|x86.Build.0 = Release|Win32
	EndGlobalSection
	GlobalSection(SolutionProperties) = preSolution
		HideSolutionNode = FALSE
	EndGlobalSection
	GlobalSection(ExtensibilityGlobals) = postSolution
		SolutionGuid = {459D9F34-8C1B-49BA-B8ED-B66BDABF9415}
	EndGlobalSection
EndGlobal
